
Microsoft Visual Studio Solution File, Format Version 12.00
# Visual Studio Version 17
VisualStudioVersion = 17.0.32014.148
MinimumVisualStudioVersion = 10.0.40219.1
Project("{F184B08F-C81C-45F6-A57F-5ABD9991F28F}") = "SySProduccion", "SySProduccion.vbproj", "{8823EBFA-2CF6-4558-BA8D-AAF6E624E9A6}"
EndProject
Project("{F184B08F-C81C-45F6-A57F-5ABD9991F28F}") = "ClaseConexion", "..\ClaseConexion\ClaseConexion.vbproj", "{93B83E49-F8CF-442F-A163-CEC13BC6A07E}"
EndProject
Project("{F184B08F-C81C-45F6-A57F-5ABD9991F28F}") = "ClaseDatos", "..\ClaseDatos\ClaseDatos.vbproj", "{8C2C3760-5042-4B2B-A61D-E70E72DCF767}"
EndProject
Project("{F184B08F-C81C-45F6-A57F-5ABD9991F28F}") = "ClaseNegocios", "..\ClaseNegocios\ClaseNegocios.vbproj", "{9BDA5A50-711F-40E2-AF90-2237CC702784}"
EndProject
Project("{54435603-DBB4-11D2-8724-00A0C9A8B90C}") = "Siles", "..\Siles\Siles.vdproj", "{60A8B4E7-B889-4915-99F6-4BD58F9C4E1F}"
EndProject
Global
	GlobalSection(SolutionConfigurationPlatforms) = preSolution
		Debug|Any CPU = Debug|Any CPU
		Debug|x86 = Debug|x86
		Release|Any CPU = Release|Any CPU
		Release|x86 = Release|x86
	EndGlobalSection
	GlobalSection(ProjectConfigurationPlatforms) = postSolution
		{8823EBFA-2CF6-4558-BA8D-AAF6E624E9A6}.Debug|Any CPU.ActiveCfg = Debug|x86
		{8823EBFA-2CF6-4558-BA8D-AAF6E624E9A6}.Debug|Any CPU.Build.0 = Debug|x86
		{8823EBFA-2CF6-4558-BA8D-AAF6E624E9A6}.Debug|x86.ActiveCfg = Debug|x86
		{8823EBFA-2CF6-4558-BA8D-AAF6E624E9A6}.Debug|x86.Build.0 = Debug|x86
		{8823EBFA-2CF6-4558-BA8D-AAF6E624E9A6}.Release|Any CPU.ActiveCfg = Release|x86
		{8823EBFA-2CF6-4558-BA8D-AAF6E624E9A6}.Release|Any CPU.Build.0 = Release|x86
		{8823EBFA-2CF6-4558-BA8D-AAF6E624E9A6}.Release|x86.ActiveCfg = Release|x86
		{8823EBFA-2CF6-4558-BA8D-AAF6E624E9A6}.Release|x86.Build.0 = Release|x86
		{93B83E49-F8CF-442F-A163-CEC13BC6A07E}.Debug|Any CPU.ActiveCfg = Debug|Any CPU
		{93B83E49-F8CF-442F-A163-CEC13BC6A07E}.Debug|Any CPU.Build.0 = Debug|Any CPU
		{93B83E49-F8CF-442F-A163-CEC13BC6A07E}.Debug|x86.ActiveCfg = Debug|Any CPU
		{93B83E49-F8CF-442F-A163-CEC13BC6A07E}.Debug|x86.Build.0 = Debug|Any CPU
		{93B83E49-F8CF-442F-A163-CEC13BC6A07E}.Release|Any CPU.ActiveCfg = Release|Any CPU
		{93B83E49-F8CF-442F-A163-CEC13BC6A07E}.Release|Any CPU.Build.0 = Release|Any CPU
		{93B83E49-F8CF-442F-A163-CEC13BC6A07E}.Release|x86.ActiveCfg = Release|Any CPU
		{93B83E49-F8CF-442F-A163-CEC13BC6A07E}.Release|x86.Build.0 = Release|Any CPU
		{8C2C3760-5042-4B2B-A61D-E70E72DCF767}.Debug|Any CPU.ActiveCfg = Debug|Any CPU
		{8C2C3760-5042-4B2B-A61D-E70E72DCF767}.Debug|Any CPU.Build.0 = Debug|Any CPU
		{8C2C3760-5042-4B2B-A61D-E70E72DCF767}.Debug|x86.ActiveCfg = Debug|Any CPU
		{8C2C3760-5042-4B2B-A61D-E70E72DCF767}.Debug|x86.Build.0 = Debug|Any CPU
		{8C2C3760-5042-4B2B-A61D-E70E72DCF767}.Release|Any CPU.ActiveCfg = Release|Any CPU
		{8C2C3760-5042-4B2B-A61D-E70E72DCF767}.Release|Any CPU.Build.0 = Release|Any CPU
		{8C2C3760-5042-4B2B-A61D-E70E72DCF767}.Release|x86.ActiveCfg = Release|Any CPU
		{8C2C3760-5042-4B2B-A61D-E70E72DCF767}.Release|x86.Build.0 = Release|Any CPU
		{9BDA5A50-711F-40E2-AF90-2237CC702784}.Debug|Any CPU.ActiveCfg = Debug|Any CPU
		{9BDA5A50-711F-40E2-AF90-2237CC702784}.Debug|Any CPU.Build.0 = Debug|Any CPU
		{9BDA5A50-711F-40E2-AF90-2237CC702784}.Debug|x86.ActiveCfg = Debug|Any CPU
		{9BDA5A50-711F-40E2-AF90-2237CC702784}.Debug|x86.Build.0 = Debug|Any CPU
		{9BDA5A50-711F-40E2-AF90-2237CC702784}.Release|Any CPU.ActiveCfg = Release|Any CPU
		{9BDA5A50-711F-40E2-AF90-2237CC702784}.Release|Any CPU.Build.0 = Release|Any CPU
		{9BDA5A50-711F-40E2-AF90-2237CC702784}.Release|x86.ActiveCfg = Release|Any CPU
		{9BDA5A50-711F-40E2-AF90-2237CC702784}.Release|x86.Build.0 = Release|Any CPU
		{60A8B4E7-B889-4915-99F6-4BD58F9C4E1F}.Debug|Any CPU.ActiveCfg = Debug
		{60A8B4E7-B889-4915-99F6-4BD58F9C4E1F}.Debug|x86.ActiveCfg = Debug
		{60A8B4E7-B889-4915-99F6-4BD58F9C4E1F}.Release|Any CPU.ActiveCfg = Release
		{60A8B4E7-B889-4915-99F6-4BD58F9C4E1F}.Release|x86.ActiveCfg = Release
	EndGlobalSection
	GlobalSection(SolutionProperties) = preSolution
		HideSolutionNode = FALSE
	EndGlobalSection
	GlobalSection(ExtensibilityGlobals) = postSolution
		SolutionGuid = {ED17F636-E519-4210-B711-D1600422EFFD}
	EndGlobalSection
EndGlobal
